
Microsoft Visual Studio Solution File, Format Version 12.00
# Visual Studio 15
VisualStudioVersion = 15.0.27703.2000
MinimumVisualStudioVersion = 10.0.40219.1
Project("{FAE04EC0-301F-11D3-BF4B-00C04F79EFBC}") = "CustomList", "CustomList\CustomList.csproj", "{A50BCC74-9B82-43DF-923D-2480E82FB0C7}"
EndProject
Project("{FAE04EC0-301F-11D3-BF4B-00C04F79EFBC}") = "CustomList_Test", "CustomList_Test\CustomList_Test.csproj", "{5FCA8009-A424-4F55-961C-D6A2738D62FA}"
EndProject
Global
	GlobalSection(SolutionConfigurationPlatforms) = preSolution
		Debug|Any CPU = Debug|Any CPU
		Release|Any CPU = Release|Any CPU
	EndGlobalSection
	GlobalSection(ProjectConfigurationPlatforms) = postSolution
		{A50BCC74-9B82-43DF-923D-2480E82FB0C7}.Debug|Any CPU.ActiveCfg = Debug|Any CPU
		{A50BCC74-9B82-43DF-923D-2480E82FB0C7}.Debug|Any CPU.Build.0 = Debug|Any CPU
		{A50BCC74-9B82-43DF-923D-2480E82FB0C7}.Release|Any CPU.ActiveCfg = Release|Any CPU
		{A50BCC74-9B82-43DF-923D-2480E82FB0C7}.Release|Any CPU.Build.0 = Release|Any CPU
		{5FCA8009-A424-4F55-961C-D6A2738D62FA}.Debug|Any CPU.ActiveCfg = Debug|Any CPU
		{5FCA8009-A424-4F55-961C-D6A2738D62FA}.Debug|Any CPU.Build.0 = Debug|Any CPU
		{5FCA8009-A424-4F55-961C-D6A2738D62FA}.Release|Any CPU.ActiveCfg = Release|Any CPU
		{5FCA8009-A424-4F55-961C-D6A2738D62FA}.Release|Any CPU.Build.0 = Release|Any CPU
	EndGlobalSection
	GlobalSection(SolutionProperties) = preSolution
		HideSolutionNode = FALSE
	EndGlobalSection
	GlobalSection(ExtensibilityGlobals) = postSolution
		SolutionGuid = {8D11C3C6-F6E9-4502-B33C-6068A3D528A1}
	EndGlobalSection
EndGlobal
